
Microsoft Visual Studio Solution File, Format Version 12.00
# Visual Studio Version 17
VisualStudioVersion = 17.6.33723.286
MinimumVisualStudioVersion = 10.0.40219.1
Project("{9A19103F-16F7-4668-BE54-9A1E7A4F7556}") = "SQL Logging", "SQL Logging\SQL Logging.csproj", "{C847C8AB-DBD6-4AC2-9E2E-CB9DF3A035C5}"
EndProject
Project("{9A19103F-16F7-4668-BE54-9A1E7A4F7556}") = "SQL_Logging.Windows", "SQL_Logging.Windows\SQL_Logging.Windows.csproj", "{CD6B67F9-D864-4AFC-B64C-9BF05006B034}"
EndProject
Project("{FAE04EC0-301F-11D3-BF4B-00C04F79EFBC}") = "DesignElements", "DesignElements\DesignElements.csproj", "{49C17BAC-2EF1-4D6A-B171-DAB20A908D64}"
EndProject
Global
	GlobalSection(SolutionConfigurationPlatforms) = preSolution
		Debug|Any CPU = Debug|Any CPU
		Release|Any CPU = Release|Any CPU
	EndGlobalSection
	GlobalSection(ProjectConfigurationPlatforms) = postSolution
		{C847C8AB-DBD6-4AC2-9E2E-CB9DF3A035C5}.Debug|Any CPU.ActiveCfg = Debug|Any CPU
		{C847C8AB-DBD6-4AC2-9E2E-CB9DF3A035C5}.Debug|Any CPU.Build.0 = Debug|Any CPU
		{C847C8AB-DBD6-4AC2-9E2E-CB9DF3A035C5}.Release|Any CPU.ActiveCfg = Release|Any CPU
		{C847C8AB-DBD6-4AC2-9E2E-CB9DF3A035C5}.Release|Any CPU.Build.0 = Release|Any CPU
		{CD6B67F9-D864-4AFC-B64C-9BF05006B034}.Debug|Any CPU.ActiveCfg = Debug|Any CPU
		{CD6B67F9-D864-4AFC-B64C-9BF05006B034}.Debug|Any CPU.Build.0 = Debug|Any CPU
		{CD6B67F9-D864-4AFC-B64C-9BF05006B034}.Release|Any CPU.ActiveCfg = Release|Any CPU
		{CD6B67F9-D864-4AFC-B64C-9BF05006B034}.Release|Any CPU.Build.0 = Release|Any CPU
		{49C17BAC-2EF1-4D6A-B171-DAB20A908D64}.Debug|Any CPU.ActiveCfg = Debug|Any CPU
		{49C17BAC-2EF1-4D6A-B171-DAB20A908D64}.Debug|Any CPU.Build.0 = Debug|Any CPU
		{49C17BAC-2EF1-4D6A-B171-DAB20A908D64}.Release|Any CPU.ActiveCfg = Release|Any CPU
		{49C17BAC-2EF1-4D6A-B171-DAB20A908D64}.Release|Any CPU.Build.0 = Release|Any CPU
	EndGlobalSection
	GlobalSection(SolutionProperties) = preSolution
		HideSolutionNode = FALSE
	EndGlobalSection
	GlobalSection(ExtensibilityGlobals) = postSolution
		SolutionGuid = {BFB950B3-381A-41F9-9036-91271A458E94}
	EndGlobalSection
EndGlobal
